
Microsoft Visual Studio Solution File, Format Version 9.00
# Visual Studio 2005
Project("{FAE04EC0-301F-11D3-BF4B-00C04F79EFBC}") = "LiveTV", "LiveTV\LiveTV.csproj", "{E912B59E-A8E6-4E98-8C1B-D7DD19116F49}"
	ProjectSection(WebsiteProperties) = preProject
		Debug.AspNetCompiler.Debug = "True"
		Release.AspNetCompiler.Debug = "False"
	EndProjectSection
EndProject
Project("{FAE04EC0-301F-11D3-BF4B-00C04F79EFBC}") = "PmpsWebService", "PmpsWebService\PmpsWebService.csproj", "{6159D5C2-2FAC-4F18-B5D9-C59018868D77}"
	ProjectSection(WebsiteProperties) = preProject
		Debug.AspNetCompiler.Debug = "True"
		Release.AspNetCompiler.Debug = "False"
	EndProjectSection
EndProject
Project("{FAE04EC0-301F-11D3-BF4B-00C04F79EFBC}") = "Pmps.Common", "Pmps.Common\Pmps.Common.csproj", "{9182D66F-129B-4CC0-9A56-20A9BF01E7D1}"
	ProjectSection(WebsiteProperties) = preProject
		Debug.AspNetCompiler.Debug = "True"
		Release.AspNetCompiler.Debug = "False"
	EndProjectSection
EndProject
Project("{FAE04EC0-301F-11D3-BF4B-00C04F79EFBC}") = "MediaService", "MediaService\MediaService.csproj", "{8ADB564B-0E52-4E5D-8F9E-EC99069AA6DF}"
	ProjectSection(WebsiteProperties) = preProject
		Debug.AspNetCompiler.Debug = "True"
		Release.AspNetCompiler.Debug = "False"
	EndProjectSection
EndProject
Global
	GlobalSection(SubversionScc) = preSolution
		Svn-Managed = True
		Manager = AnkhSVN - Subversion Support for Visual Studio
	EndGlobalSection
	GlobalSection(SolutionConfigurationPlatforms) = preSolution
		Debug|Any CPU = Debug|Any CPU
		Release|Any CPU = Release|Any CPU
	EndGlobalSection
	GlobalSection(ProjectConfigurationPlatforms) = postSolution
		{E912B59E-A8E6-4E98-8C1B-D7DD19116F49}.Debug|Any CPU.ActiveCfg = Debug|Any CPU
		{E912B59E-A8E6-4E98-8C1B-D7DD19116F49}.Debug|Any CPU.Build.0 = Debug|Any CPU
		{E912B59E-A8E6-4E98-8C1B-D7DD19116F49}.Release|Any CPU.ActiveCfg = Release|Any CPU
		{E912B59E-A8E6-4E98-8C1B-D7DD19116F49}.Release|Any CPU.Build.0 = Release|Any CPU
		{6159D5C2-2FAC-4F18-B5D9-C59018868D77}.Debug|Any CPU.ActiveCfg = Debug|Any CPU
		{6159D5C2-2FAC-4F18-B5D9-C59018868D77}.Debug|Any CPU.Build.0 = Debug|Any CPU
		{6159D5C2-2FAC-4F18-B5D9-C59018868D77}.Release|Any CPU.ActiveCfg = Release|Any CPU
		{6159D5C2-2FAC-4F18-B5D9-C59018868D77}.Release|Any CPU.Build.0 = Release|Any CPU
		{9182D66F-129B-4CC0-9A56-20A9BF01E7D1}.Debug|Any CPU.ActiveCfg = Debug|Any CPU
		{9182D66F-129B-4CC0-9A56-20A9BF01E7D1}.Debug|Any CPU.Build.0 = Debug|Any CPU
		{9182D66F-129B-4CC0-9A56-20A9BF01E7D1}.Release|Any CPU.ActiveCfg = Release|Any CPU
		{9182D66F-129B-4CC0-9A56-20A9BF01E7D1}.Release|Any CPU.Build.0 = Release|Any CPU
		{8ADB564B-0E52-4E5D-8F9E-EC99069AA6DF}.Debug|Any CPU.ActiveCfg = Debug|Any CPU
		{8ADB564B-0E52-4E5D-8F9E-EC99069AA6DF}.Debug|Any CPU.Build.0 = Debug|Any CPU
		{8ADB564B-0E52-4E5D-8F9E-EC99069AA6DF}.Release|Any CPU.ActiveCfg = Release|Any CPU
		{8ADB564B-0E52-4E5D-8F9E-EC99069AA6DF}.Release|Any CPU.Build.0 = Release|Any CPU
	EndGlobalSection
	GlobalSection(SolutionProperties) = preSolution
		HideSolutionNode = FALSE
	EndGlobalSection
EndGlobal
