
Microsoft Visual Studio Solution File, Format Version 9.00
# Visual Studio 2005
Project("{FAE04EC0-301F-11D3-BF4B-00C04F79EFBC}") = "TreeEditor", "TreeEditor\TreeEditor.csproj", "{81E999DF-B818-4BAB-BBFF-43053F0FA2FF}"
	ProjectSection(WebsiteProperties) = preProject
		Debug.AspNetCompiler.Debug = "True"
		Release.AspNetCompiler.Debug = "False"
	EndProjectSection
EndProject
Global
	GlobalSection(SubversionScc) = preSolution
		Svn-Managed = True
		Manager = AnkhSVN - Subversion Support for Visual Studio
	EndGlobalSection
	GlobalSection(SolutionConfigurationPlatforms) = preSolution
		Debug|Any CPU = Debug|Any CPU
		Release|Any CPU = Release|Any CPU
	EndGlobalSection
	GlobalSection(ProjectConfigurationPlatforms) = postSolution
		{81E999DF-B818-4BAB-BBFF-43053F0FA2FF}.Debug|Any CPU.ActiveCfg = Debug|Any CPU
		{81E999DF-B818-4BAB-BBFF-43053F0FA2FF}.Debug|Any CPU.Build.0 = Debug|Any CPU
		{81E999DF-B818-4BAB-BBFF-43053F0FA2FF}.Release|Any CPU.ActiveCfg = Release|Any CPU
		{81E999DF-B818-4BAB-BBFF-43053F0FA2FF}.Release|Any CPU.Build.0 = Release|Any CPU
	EndGlobalSection
	GlobalSection(SolutionProperties) = preSolution
		HideSolutionNode = FALSE
	EndGlobalSection
EndGlobal
